// !$*UTF8*$!
{
	archiveVersion = 1;
	classes = {
	};
	objectVersion = 50;
	objects = {

/* Begin PBXBuildFile section */
		2F00040C23CED0D900330E1D /* AppDelegate.swift in Sources */ = {isa = PBXBuildFile; fileRef = 2F00040B23CED0D900330E1D /* AppDelegate.swift */; };
		2F00040E23CED0D900330E1D /* SceneDelegate.swift in Sources */ = {isa = PBXBuildFile; fileRef = 2F00040D23CED0D900330E1D /* SceneDelegate.swift */; };
		2F00041023CED0D900330E1D /* ContentView.swift in Sources */ = {isa = PBXBuildFile; fileRef = 2F00040F23CED0D900330E1D /* ContentView.swift */; };
		2F00041223CED0DF00330E1D /* Assets.xcassets in Resources */ = {isa = PBXBuildFile; fileRef = 2F00041123CED0DF00330E1D /* Assets.xcassets */; };
		2F00041523CED0DF00330E1D /* Preview Assets.xcassets in Resources */ = {isa = PBXBuildFile; fileRef = 2F00041423CED0DF00330E1D /* Preview Assets.xcassets */; };
		2F00041823CED0DF00330E1D /* LaunchScreen.storyboard in Resources */ = {isa = PBXBuildFile; fileRef = 2F00041623CED0DF00330E1D /* LaunchScreen.storyboard */; };
		2F00042323CED0DF00330E1D /* calculatorTests.swift in Sources */ = {isa = PBXBuildFile; fileRef = 2F00042223CED0DF00330E1D /* calculatorTests.swift */; };
		2F00042E23CED0DF00330E1D /* calculatorUITests.swift in Sources */ = {isa = PBXBuildFile; fileRef = 2F00042D23CED0DF00330E1D /* calculatorUITests.swift */; };
		2F00044023D0540E00330E1D /* ViewController.swift in Sources */ = {isa = PBXBuildFile; fileRef = 2F00043F23D0540E00330E1D /* ViewController.swift */; };
/* End PBXBuildFile section */

/* Begin PBXContainerItemProxy section */
		2F00041F23CED0DF00330E1D /* PBXContainerItemProxy */ = {
			isa = PBXContainerItemProxy;
			containerPortal = 2F00040023CED0D800330E1D /* Project object */;
			proxyType = 1;
			remoteGlobalIDString = 2F00040723CED0D900330E1D;
			remoteInfo = calculator;
		};
		2F00042A23CED0DF00330E1D /* PBXContainerItemProxy */ = {
			isa = PBXContainerItemProxy;
			containerPortal = 2F00040023CED0D800330E1D /* Project object */;
			proxyType = 1;
			remoteGlobalIDString = 2F00040723CED0D900330E1D;
			remoteInfo = calculator;
		};
/* End PBXContainerItemProxy section */

/* Begin PBXFileReference section */
		2F00040823CED0D900330E1D /* calculator.app */ = {isa = PBXFileReference; explicitFileType = wrapper.application; includeInIndex = 0; path = calculator.app; sourceTree = BUILT_PRODUCTS_DIR; };
		2F00040B23CED0D900330E1D /* AppDelegate.swift */ = {isa = PBXFileReference; lastKnownFileType = sourcecode.swift; path = AppDelegate.swift; sourceTree = "<group>"; };
		2F00040D23CED0D900330E1D /* SceneDelegate.swift */ = {isa = PBXFileReference; lastKnownFileType = sourcecode.swift; path = SceneDelegate.swift; sourceTree = "<group>"; };
		2F00040F23CED0D900330E1D /* ContentView.swift */ = {isa = PBXFileReference; lastKnownFileType = sourcecode.swift; path = ContentView.swift; sourceTree = "<group>"; };
		2F00041123CED0DF00330E1D /* Assets.xcassets */ = {isa = PBXFileReference; lastKnownFileType = folder.assetcatalog; path = Assets.xcassets; sourceTree = "<group>"; };
		2F00041423CED0DF00330E1D /* Preview Assets.xcassets */ = {isa = PBXFileReference; lastKnownFileType = folder.assetcatalog; path = "Preview Assets.xcassets"; sourceTree = "<group>"; };
		2F00041723CED0DF00330E1D /* Base */ = {isa = PBXFileReference; lastKnownFileType = file.storyboard; name = Base; path = Base.lproj/LaunchScreen.storyboard; sourceTree = "<group>"; };
		2F00041923CED0DF00330E1D /* Info.plist */ = {isa = PBXFileReference; lastKnownFileType = text.plist.xml; path = Info.plist; sourceTree = "<group>"; };
		2F00041E23CED0DF00330E1D /* calculatorTests.xctest */ = {isa = PBXFileReference; explicitFileType = wrapper.cfbundle; includeInIndex = 0; path = calculatorTests.xctest; sourceTree = BUILT_PRODUCTS_DIR; };
		2F00042223CED0DF00330E1D /* calculatorTests.swift */ = {isa = PBXFileReference; lastKnownFileType = sourcecode.swift; path = calculatorTests.swift; sourceTree = "<group>"; };
		2F00042423CED0DF00330E1D /* Info.plist */ = {isa = PBXFileReference; lastKnownFileType = text.plist.xml; path = Info.plist; sourceTree = "<group>"; };
		2F00042923CED0DF00330E1D /* calculatorUITests.xctest */ = {isa = PBXFileReference; explicitFileType = wrapper.cfbundle; includeInIndex = 0; path = calculatorUITests.xctest; sourceTree = BUILT_PRODUCTS_DIR; };
		2F00042D23CED0DF00330E1D /* calculatorUITests.swift */ = {isa = PBXFileReference; lastKnownFileType = sourcecode.swift; path = calculatorUITests.swift; sourceTree = "<group>"; };
		2F00042F23CED0DF00330E1D /* Info.plist */ = {isa = PBXFileReference; lastKnownFileType = text.plist.xml; path = Info.plist; sourceTree = "<group>"; };
		2F00043F23D0540E00330E1D /* ViewController.swift */ = {isa = PBXFileReference; lastKnownFileType = sourcecode.swift; path = ViewController.swift; sourceTree = "<group>"; };
/* End PBXFileReference section */

/* Begin PBXFrameworksBuildPhase section */
		2F00040523CED0D900330E1D /* Frameworks */ = {
			isa = PBXFrameworksBuildPhase;
			buildActionMask = 2147483647;
			files = (
			);
			runOnlyForDeploymentPostprocessing = 0;
		};
		2F00041B23CED0DF00330E1D /* Frameworks */ = {
			isa = PBXFrameworksBuildPhase;
			buildActionMask = 2147483647;
			files = (
			);
			runOnlyForDeploymentPostprocessing = 0;
		};
		2F00042623CED0DF00330E1D /* Frameworks */ = {
			isa = PBXFrameworksBuildPhase;
			buildActionMask = 2147483647;
			files = (
			);
			runOnlyForDeploymentPostprocessing = 0;
		};
/* End PBXFrameworksBuildPhase section */

/* Begin PBXGroup section */
		2F0003FF23CED0D800330E1D = {
			isa = PBXGroup;
			children = (
				2F00040A23CED0D900330E1D /* calculator */,
				2F00042123CED0DF00330E1D /* calculatorTests */,
				2F00042C23CED0DF00330E1D /* calculatorUITests */,
				2F00040923CED0D900330E1D /* Products */,
			);
			sourceTree = "<group>";
		};
		2F00040923CED0D900330E1D /* Products */ = {
			isa = PBXGroup;
			children = (
				2F00040823CED0D900330E1D /* calculator.app */,
				2F00041E23CED0DF00330E1D /* calculatorTests.xctest */,
				2F00042923CED0DF00330E1D /* calculatorUITests.xctest */,
			);
			name = Products;
			sourceTree = "<group>";
		};
		2F00040A23CED0D900330E1D /* calculator */ = {
			isa = PBXGroup;
			children = (
				2F00040B23CED0D900330E1D /* AppDelegate.swift */,
				2F00040D23CED0D900330E1D /* SceneDelegate.swift */,
				2F00043F23D0540E00330E1D /* ViewController.swift */,
				2F00040F23CED0D900330E1D /* ContentView.swift */,
				2F00041123CED0DF00330E1D /* Assets.xcassets */,
				2F00041623CED0DF00330E1D /* LaunchScreen.storyboard */,
				2F00041923CED0DF00330E1D /* Info.plist */,
				2F00041323CED0DF00330E1D /* Preview Content */,
			);
			path = calculator;
			sourceTree = "<group>";
		};
		2F00041323CED0DF00330E1D /* Preview Content */ = {
			isa = PBXGroup;
			children = (
				2F00041423CED0DF00330E1D /* Preview Assets.xcassets */,
			);
			path = "Preview Content";
			sourceTree = "<group>";
		};
		2F00042123CED0DF00330E1D /* calculatorTests */ = {
			isa = PBXGroup;
			children = (
				2F00042223CED0DF00330E1D /* calculatorTests.swift */,
				2F00042423CED0DF00330E1D /* Info.plist */,
			);
			path = calculatorTests;
			sourceTree = "<group>";
		};
		2F00042C23CED0DF00330E1D /* calculatorUITests */ = {
			isa = PBXGroup;
			children = (
				2F00042D23CED0DF00330E1D /* calculatorUITests.swift */,
				2F00042F23CED0DF00330E1D /* Info.plist */,
			);
			path = calculatorUITests;
			sourceTree = "<group>";
		};
/* End PBXGroup section */

/* Begin PBXNativeTarget section */
		2F00040723CED0D900330E1D /* calculator */ = {
			isa = PBXNativeTarget;
			buildConfigurationList = 2F00043223CED0DF00330E1D /* Build configuration list for PBXNativeTarget "calculator" */;
			buildPhases = (
				2F00040423CED0D900330E1D /* Sources */,
				2F00040523CED0D900330E1D /* Frameworks */,
				2F00040623CED0D900330E1D /* Resources */,
			);
			buildRules = (
			);
			dependencies = (
			);
			name = calculator;
			productName = calculator;
			productReference = 2F00040823CED0D900330E1D /* calculator.app */;
			productType = "com.apple.product-type.application";
		};
		2F00041D23CED0DF00330E1D /* calculatorTests */ = {
			isa = PBXNativeTarget;
			buildConfigurationList = 2F00043523CED0DF00330E1D /* Build configuration list for PBXNativeTarget "calculatorTests" */;
			buildPhases = (
				2F00041A23CED0DF00330E1D /* Sources */,
				2F00041B23CED0DF00330E1D /* Frameworks */,
				2F00041C23CED0DF00330E1D /* Resources */,
			);
			buildRules = (
			);
			dependencies = (
				2F00042023CED0DF00330E1D /* PBXTargetDependency */,
			);
			name = calculatorTests;
			productName = calculatorTests;
			productReference = 2F00041E23CED0DF00330E1D /* calculatorTests.xctest */;
			productType = "com.apple.product-type.bundle.unit-test";
		};
		2F00042823CED0DF00330E1D /* calculatorUITests */ = {
			isa = PBXNativeTarget;
			buildConfigurationList = 2F00043823CED0DF00330E1D /* Build configuration list for PBXNativeTarget "calculatorUITests" */;
			buildPhases = (
				2F00042523CED0DF00330E1D /* Sources */,
				2F00042623CED0DF00330E1D /* Frameworks */,
				2F00042723CED0DF00330E1D /* Resources */,
			);
			buildRules = (
			);
			dependencies = (
				2F00042B23CED0DF00330E1D /* PBXTargetDependency */,
			);
			name = calculatorUITests;
			productName = calculatorUITests;
			productReference = 2F00042923CED0DF00330E1D /* calculatorUITests.xctest */;
			productType = "com.apple.product-type.bundle.ui-testing";
		};
/* End PBXNativeTarget section */

/* Begin PBXProject section */
		2F00040023CED0D800330E1D /* Project object */ = {
			isa = PBXProject;
			attributes = {
				LastSwiftUpdateCheck = 1130;
				LastUpgradeCheck = 1130;
				ORGANIZATIONNAME = KH;
				TargetAttributes = {
					2F00040723CED0D900330E1D = {
						CreatedOnToolsVersion = 11.3;
					};
					2F00041D23CED0DF00330E1D = {
						CreatedOnToolsVersion = 11.3;
						TestTargetID = 2F00040723CED0D900330E1D;
					};
					2F00042823CED0DF00330E1D = {
						CreatedOnToolsVersion = 11.3;
						TestTargetID = 2F00040723CED0D900330E1D;
					};
				};
			};
			buildConfigurationList = 2F00040323CED0D800330E1D /* Build configuration list for PBXProject "calculator" */;
			compatibilityVersion = "Xcode 9.3";
			developmentRegion = en;
			hasScannedForEncodings = 0;
			knownRegions = (
				en,
				Base,
			);
			mainGroup = 2F0003FF23CED0D800330E1D;
			productRefGroup = 2F00040923CED0D900330E1D /* Products */;
			projectDirPath = "";
			projectRoot = "";
			targets = (
				2F00040723CED0D900330E1D /* calculator */,
				2F00041D23CED0DF00330E1D /* calculatorTests */,
				2F00042823CED0DF00330E1D /* calculatorUITests */,
			);
		};
/* End PBXProject section */

/* Begin PBXResourcesBuildPhase section */
		2F00040623CED0D900330E1D /* Resources */ = {
			isa = PBXResourcesBuildPhase;
			buildActionMask = 2147483647;
			files = (
				2F00041823CED0DF00330E1D /* LaunchScreen.storyboard in Resources */,
				2F00041523CED0DF00330E1D /* Preview Assets.xcassets in Resources */,
				2F00041223CED0DF00330E1D /* Assets.xcassets in Resources */,
			);
			runOnlyForDeploymentPostprocessing = 0;
		};
		2F00041C23CED0DF00330E1D /* Resources */ = {
			isa = PBXResourcesBuildPhase;
			buildActionMask = 2147483647;
			files = (
			);
			runOnlyForDeploymentPostprocessing = 0;
		};
		2F00042723CED0DF00330E1D /* Resources */ = {
			isa = PBXResourcesBuildPhase;
			buildActionMask = 2147483647;
			files = (
			);
			runOnlyForDeploymentPostprocessing = 0;
		};
/* End PBXResourcesBuildPhase section */

/* Begin PBXSourcesBuildPhase section */
		2F00040423CED0D900330E1D /* Sources */ = {
			isa = PBXSourcesBuildPhase;
			buildActionMask = 2147483647;
			files = (
				2F00040C23CED0D900330E1D /* AppDelegate.swift in Sources */,
				2F00040E23CED0D900330E1D /* SceneDelegate.swift in Sources */,
				2F00044023D0540E00330E1D /* ViewController.swift in Sources */,
				2F00041023CED0D900330E1D /* ContentView.swift in Sources */,
			);
			runOnlyForDeploymentPostprocessing = 0;
		};
		2F00041A23CED0DF00330E1D /* Sources */ = {
			isa = PBXSourcesBuildPhase;
			buildActionMask = 2147483647;
			files = (
				2F00042323CED0DF00330E1D /* calculatorTests.swift in Sources */,
			);
			runOnlyForDeploymentPostprocessing = 0;
		};
		2F00042523CED0DF00330E1D /* Sources */ = {
			isa = PBXSourcesBuildPhase;
			buildActionMask = 2147483647;
			files = (
				2F00042E23CED0DF00330E1D /* calculatorUITests.swift in Sources */,
			);
			runOnlyForDeploymentPostprocessing = 0;
		};
/* End PBXSourcesBuildPhase section */

/* Begin PBXTargetDependency section */
		2F00042023CED0DF00330E1D /* PBXTargetDependency */ = {
			isa = PBXTargetDependency;
			target = 2F00040723CED0D900330E1D /* calculator */;
			targetProxy = 2F00041F23CED0DF00330E1D /* PBXContainerItemProxy */;
		};
		2F00042B23CED0DF00330E1D /* PBXTargetDependency */ = {
			isa = PBXTargetDependency;
			target = 2F00040723CED0D900330E1D /* calculator */;
			targetProxy = 2F00042A23CED0DF00330E1D /* PBXContainerItemProxy */;
		};
/* End PBXTargetDependency section */

/* Begin PBXVariantGroup section */
		2F00041623CED0DF00330E1D /* LaunchScreen.storyboard */ = {
			isa = PBXVariantGroup;
			children = (
				2F00041723CED0DF00330E1D /* Base */,
			);
			name = LaunchScreen.storyboard;
			sourceTree = "<group>";
		};
/* End PBXVariantGroup section */

/* Begin XCBuildConfiguration section */
		2F00043023CED0DF00330E1D /* Debug */ = {
			isa = XCBuildConfiguration;
			buildSettings = {
				ALWAYS_SEARCH_USER_PATHS = NO;
				CLANG_ANALYZER_NONNULL = YES;
				CLANG_ANALYZER_NUMBER_OBJECT_CONVERSION = YES_AGGRESSIVE;
				CLANG_CXX_LANGUAGE_STANDARD = "gnu++14";
				CLANG_CXX_LIBRARY = "libc++";
				CLANG_ENABLE_MODULES = YES;
				CLANG_ENABLE_OBJC_ARC = YES;
				CLANG_ENABLE_OBJC_WEAK = YES;
				CLANG_WARN_BLOCK_CAPTURE_AUTORELEASING = YES;
				CLANG_WARN_BOOL_CONVERSION = YES;
				CLANG_WARN_COMMA = YES;
				CLANG_WARN_CONSTANT_CONVERSION = YES;
				CLANG_WARN_DEPRECATED_OBJC_IMPLEMENTATIONS = YES;
				CLANG_WARN_DIRECT_OBJC_ISA_USAGE = YES_ERROR;
				CLANG_WARN_DOCUMENTATION_COMMENTS = YES;
				CLANG_WARN_EMPTY_BODY = YES;
				CLANG_WARN_ENUM_CONVERSION = YES;
				CLANG_WARN_INFINITE_RECURSION = YES;
				CLANG_WARN_INT_CONVERSION = YES;
				CLANG_WARN_NON_LITERAL_NULL_CONVERSION = YES;
				CLANG_WARN_OBJC_IMPLICIT_RETAIN_SELF = YES;
				CLANG_WARN_OBJC_LITERAL_CONVERSION = YES;
				CLANG_WARN_OBJC_ROOT_CLASS = YES_ERROR;
				CLANG_WARN_RANGE_LOOP_ANALYSIS = YES;
				CLANG_WARN_STRICT_PROTOTYPES = YES;
				CLANG_WARN_SUSPICIOUS_MOVE = YES;
				CLANG_WARN_UNGUARDED_AVAILABILITY = YES_AGGRESSIVE;
				CLANG_WARN_UNREACHABLE_CODE = YES;
				CLANG_WARN__DUPLICATE_METHOD_MATCH = YES;
				COPY_PHASE_STRIP = NO;
				DEBUG_INFORMATION_FORMAT = dwarf;
				ENABLE_STRICT_OBJC_MSGSEND = YES;
				ENABLE_TESTABILITY = YES;
				GCC_C_LANGUAGE_STANDARD = gnu11;
				GCC_DYNAMIC_NO_PIC = NO;
				GCC_NO_COMMON_BLOCKS = YES;
				GCC_OPTIMIZATION_LEVEL = 0;
				GCC_PREPROCESSOR_DEFINITIONS = (
					"DEBUG=1",
					"$(inherited)",
				);
				GCC_WARN_64_TO_32_BIT_CONVERSION = YES;
				GCC_WARN_ABOUT_RETURN_TYPE = YES_ERROR;
				GCC_WARN_UNDECLARED_SELECTOR = YES;
				GCC_WARN_UNINITIALIZED_AUTOS = YES_AGGRESSIVE;
				GCC_WARN_UNUSED_FUNCTION = YES;
				GCC_WARN_UNUSED_VARIABLE = YES;
				IPHONEOS_DEPLOYMENT_TARGET = 13.2;
				MTL_ENABLE_DEBUG_INFO = INCLUDE_SOURCE;
				MTL_FAST_MATH = YES;
				ONLY_ACTIVE_ARCH = YES;
				SDKROOT = iphoneos;
				SWIFT_ACTIVE_COMPILATION_CONDITIONS = DEBUG;
				SWIFT_OPTIMIZATION_LEVEL = "-Onone";
			};
			name = Debug;
		};
		2F00043123CED0DF00330E1D /* Release */ = {
			isa = XCBuildConfiguration;
			buildSettings = {
				ALWAYS_SEARCH_USER_PATHS = NO;
				CLANG_ANALYZER_NONNULL = YES;
				CLANG_ANALYZER_NUMBER_OBJECT_CONVERSION = YES_AGGRESSIVE;
				CLANG_CXX_LANGUAGE_STANDARD = "gnu++14";
				CLANG_CXX_LIBRARY = "libc++";
				CLANG_ENABLE_MODULES = YES;
				CLANG_ENABLE_OBJC_ARC = YES;
				CLANG_ENABLE_OBJC_WEAK = YES;
				CLANG_WARN_BLOCK_CAPTURE_AUTORELEASING = YES;
				CLANG_WARN_BOOL_CONVERSION = YES;
				CLANG_WARN_COMMA = YES;
				CLANG_WARN_CONSTANT_CONVERSION = YES;
				CLANG_WARN_DEPRECATED_OBJC_IMPLEMENTATIONS = YES;
				CLANG_WARN_DIRECT_OBJC_ISA_USAGE = YES_ERROR;
				CLANG_WARN_DOCUMENTATION_COMMENTS = YES;
				CLANG_WARN_EMPTY_BODY = YES;
				CLANG_WARN_ENUM_CONVERSION = YES;
				CLANG_WARN_INFINITE_RECURSION = YES;
				CLANG_WARN_INT_CONVERSION = YES;
				CLANG_WARN_NON_LITERAL_NULL_CONVERSION = YES;
				CLANG_WARN_OBJC_IMPLICIT_RETAIN_SELF = YES;
				CLANG_WARN_OBJC_LITERAL_CONVERSION = YES;
				CLANG_WARN_OBJC_ROOT_CLASS = YES_ERROR;
				CLANG_WARN_RANGE_LOOP_ANALYSIS = YES;
				CLANG_WARN_STRICT_PROTOTYPES = YES;
				CLANG_WARN_SUSPICIOUS_MOVE = YES;
				CLANG_WARN_UNGUARDED_AVAILABILITY = YES_AGGRESSIVE;
				CLANG_WARN_UNREACHABLE_CODE = YES;
				CLANG_WARN__DUPLICATE_METHOD_MATCH = YES;
				COPY_PHASE_STRIP = NO;
				DEBUG_INFORMATION_FORMAT = "dwarf-with-dsym";
				ENABLE_NS_ASSERTIONS = NO;
				ENABLE_STRICT_OBJC_MSGSEND = YES;
				GCC_C_LANGUAGE_STANDARD = gnu11;
				GCC_NO_COMMON_BLOCKS = YES;
				GCC_WARN_64_TO_32_BIT_CONVERSION = YES;
				GCC_WARN_ABOUT_RETURN_TYPE = YES_ERROR;
				GCC_WARN_UNDECLARED_SELECTOR = YES;
				GCC_WARN_UNINITIALIZED_AUTOS = YES_AGGRESSIVE;
				GCC_WARN_UNUSED_FUNCTION = YES;
				GCC_WARN_UNUSED_VARIABLE = YES;
				IPHONEOS_DEPLOYMENT_TARGET = 13.2;
				MTL_ENABLE_DEBUG_INFO = NO;
				MTL_FAST_MATH = YES;
				SDKROOT = iphoneos;
				SWIFT_COMPILATION_MODE = wholemodule;
				SWIFT_OPTIMIZATION_LEVEL = "-O";
				VALIDATE_PRODUCT = YES;
			};
			name = Release;
		};
		2F00043323CED0DF00330E1D /* Debug */ = {
			isa = XCBuildConfiguration;
			buildSettings = {
				ASSETCATALOG_COMPILER_APPICON_NAME = AppIcon;
				CODE_SIGN_STYLE = Automatic;
				DEVELOPMENT_ASSET_PATHS = "\"calculator/Preview Content\"";
				ENABLE_PREVIEWS = YES;
				INFOPLIST_FILE = calculator/Info.plist;
				LD_RUNPATH_SEARCH_PATHS = (
					"$(inherited)",
					"@executable_path/Frameworks",
				);
				PRODUCT_BUNDLE_IDENTIFIER = com.khizar.calculator;
				PRODUCT_NAME = calculator;
				SWIFT_VERSION = 5.0;
				TARGETED_DEVICE_FAMILY = "1,2";
			};
			name = Debug;
		};
		2F00043423CED0DF00330E1D /* Release */ = {
			isa = XCBuildConfiguration;
			buildSettings = {
				ASSETCATALOG_COMPILER_APPICON_NAME = AppIcon;
				CODE_SIGN_STYLE = Automatic;
				DEVELOPMENT_ASSET_PATHS = "\"calculator/Preview Content\"";
				ENABLE_PREVIEWS = YES;
				INFOPLIST_FILE = calculator/Info.plist;
				LD_RUNPATH_SEARCH_PATHS = (
					"$(inherited)",
					"@executable_path/Frameworks",
				);
				PRODUCT_BUNDLE_IDENTIFIER = com.khizar.calculator;
				PRODUCT_NAME = calculator;
				SWIFT_VERSION = 5.0;
				TARGETED_DEVICE_FAMILY = "1,2";
			};
			name = Release;
		};
		2F00043623CED0DF00330E1D /* Debug */ = {
			isa = XCBuildConfiguration;
			buildSettings = {
				ALWAYS_EMBED_SWIFT_STANDARD_LIBRARIES = YES;
				BUNDLE_LOADER = "$(TEST_HOST)";
				CODE_SIGN_STYLE = Automatic;
				INFOPLIST_FILE = calculatorTests/Info.plist;
				IPHONEOS_DEPLOYMENT_TARGET = 13.2;
				LD_RUNPATH_SEARCH_PATHS = (
					"$(inherited)",
					"@executable_path/Frameworks",
					"@loader_path/Frameworks",
				);
				PRODUCT_BUNDLE_IDENTIFIER = com.khizar.calculatorTests;
				PRODUCT_NAME = "$(TARGET_NAME)";
				SWIFT_VERSION = 5.0;
				TARGETED_DEVICE_FAMILY = "1,2";
				TEST_HOST = "$(BUILT_PRODUCTS_DIR)/calculator.app/calculator";
			};
			name = Debug;
		};
		2F00043723CED0DF00330E1D /* Release */ = {
			isa = XCBuildConfiguration;
			buildSettings = {
				ALWAYS_EMBED_SWIFT_STANDARD_LIBRARIES = YES;
				BUNDLE_LOADER = "$(TEST_HOST)";
				CODE_SIGN_STYLE = Automatic;
				INFOPLIST_FILE = calculatorTests/Info.plist;
				IPHONEOS_DEPLOYMENT_TARGET = 13.2;
				LD_RUNPATH_SEARCH_PATHS = (
					"$(inherited)",
					"@executable_path/Frameworks",
					"@loader_path/Frameworks",
				);
				PRODUCT_BUNDLE_IDENTIFIER = com.khizar.calculatorTests;
				PRODUCT_NAME = "$(TARGET_NAME)";
				SWIFT_VERSION = 5.0;
				TARGETED_DEVICE_FAMILY = "1,2";
				TEST_HOST = "$(BUILT_PRODUCTS_DIR)/calculator.app/calculator";
			};
			name = Release;
		};
		2F00043923CED0DF00330E1D /* Debug */ = {
			isa = XCBuildConfiguration;
			buildSettings = {
				ALWAYS_EMBED_SWIFT_STANDARD_LIBRARIES = YES;
				CODE_SIGN_STYLE = Automatic;
				INFOPLIST_FILE = calculatorUITests/Info.plist;
				LD_RUNPATH_SEARCH_PATHS = (
					"$(inherited)",
					"@executable_path/Frameworks",
					"@loader_path/Frameworks",
				);
				PRODUCT_BUNDLE_IDENTIFIER = com.khizar.calculatorUITests;
				PRODUCT_NAME = "$(TARGET_NAME)";
				SWIFT_VERSION = 5.0;
				TARGETED_DEVICE_FAMILY = "1,2";
				TEST_TARGET_NAME = calculator;
			};
			name = Debug;
		};
		2F00043A23CED0DF00330E1D /* Release */ = {
			isa = XCBuildConfiguration;
			buildSettings = {
				ALWAYS_EMBED_SWIFT_STANDARD_LIBRARIES = YES;
				CODE_SIGN_STYLE = Automatic;
				INFOPLIST_FILE = calculatorUITests/Info.plist;
				LD_RUNPATH_SEARCH_PATHS = (
					"$(inherited)",
					"@executable_path/Frameworks",
					"@loader_path/Frameworks",
				);
				PRODUCT_BUNDLE_IDENTIFIER = com.khizar.calculatorUITests;
				PRODUCT_NAME = "$(TARGET_NAME)";
				SWIFT_VERSION = 5.0;
				TARGETED_DEVICE_FAMILY = "1,2";
				TEST_TARGET_NAME = calculator;
			};
			name = Release;
		};
/* End XCBuildConfiguration section */

/* Begin XCConfigurationList section */
		2F00040323CED0D800330E1D /* Build configuration list for PBXProject "calculator" */ = {
			isa = XCConfigurationList;
			buildConfigurations = (
				2F00043023CED0DF00330E1D /* Debug */,
				2F00043123CED0DF00330E1D /* Release */,
			);
			defaultConfigurationIsVisible = 0;
			defaultConfigurationName = Release;
		};
		2F00043223CED0DF00330E1D /* Build configuration list for PBXNativeTarget "calculator" */ = {
			isa = XCConfigurationList;
			buildConfigurations = (
				2F00043323CED0DF00330E1D /* Debug */,
				2F00043423CED0DF00330E1D /* Release */,
			);
			defaultConfigurationIsVisible = 0;
			defaultConfigurationName = Release;
		};
		2F00043523CED0DF00330E1D /* Build configuration list for PBXNativeTarget "calculatorTests" */ = {
			isa = XCConfigurationList;
			buildConfigurations = (
				2F00043623CED0DF00330E1D /* Debug */,
				2F00043723CED0DF00330E1D /* Release */,
			);
			defaultConfigurationIsVisible = 0;
			defaultConfigurationName = Release;
		};
		2F00043823CED0DF00330E1D /* Build configuration list for PBXNativeTarget "calculatorUITests" */ = {
			isa = XCConfigurationList;
			buildConfigurations = (
				2F00043923CED0DF00330E1D /* Debug */,
				2F00043A23CED0DF00330E1D /* Release */,
			);
			defaultConfigurationIsVisible = 0;
			defaultConfigurationName = Release;
		};
/* End XCConfigurationList section */
	};
	rootObject = 2F00040023CED0D800330E1D /* Project object */;
}
